
Microsoft Visual Studio Solution File, Format Version 12.00
# Visual Studio 2017
Project("{FAE04EC0-301F-11D3-BF4B-00C04F79EFBC}") = "8BitLoud", "8BitLoud.csproj", "{689DD52E-BA8A-5ADB-AC80-F72F27A8C2AF}"
EndProject
Global
	GlobalSection(SolutionConfigurationPlatforms) = preSolution
		Debug|Any CPU = Debug|Any CPU
		Release|Any CPU = Release|Any CPU
	EndGlobalSection
	GlobalSection(ProjectConfigurationPlatforms) = postSolution
		{689DD52E-BA8A-5ADB-AC80-F72F27A8C2AF}.Debug|Any CPU.ActiveCfg = Debug|Any CPU
		{689DD52E-BA8A-5ADB-AC80-F72F27A8C2AF}.Debug|Any CPU.Build.0 = Debug|Any CPU
		{689DD52E-BA8A-5ADB-AC80-F72F27A8C2AF}.Release|Any CPU.ActiveCfg = Release|Any CPU
		{689DD52E-BA8A-5ADB-AC80-F72F27A8C2AF}.Release|Any CPU.Build.0 = Release|Any CPU
	EndGlobalSection
	GlobalSection(SolutionProperties) = preSolution
		HideSolutionNode = FALSE
	EndGlobalSection
EndGlobal
